
Microsoft Visual Studio Solution File, Format Version 12.00
# Visual Studio Version 17
VisualStudioVersion = 17.13.35828.75
MinimumVisualStudioVersion = 10.0.40219.1
Project("{FAE04EC0-301F-11D3-BF4B-00C04F79EFBC}") = "SpartaCanvas", "SpartaCanvas\SpartaCanvas.csproj", "{E936760B-2EB1-4190-8FA3-A053ECE781FC}"
EndProject
Global
	GlobalSection(SolutionConfigurationPlatforms) = preSolution
		Debug|Any CPU = Debug|Any CPU
		Release|Any CPU = Release|Any CPU
	EndGlobalSection
	GlobalSection(ProjectConfigurationPlatforms) = postSolution
		{E936760B-2EB1-4190-8FA3-A053ECE781FC}.Debug|Any CPU.ActiveCfg = Debug|Any CPU
		{E936760B-2EB1-4190-8FA3-A053ECE781FC}.Debug|Any CPU.Build.0 = Debug|Any CPU
		{E936760B-2EB1-4190-8FA3-A053ECE781FC}.Release|Any CPU.ActiveCfg = Release|Any CPU
		{E936760B-2EB1-4190-8FA3-A053ECE781FC}.Release|Any CPU.Build.0 = Release|Any CPU
	EndGlobalSection
	GlobalSection(SolutionProperties) = preSolution
		HideSolutionNode = FALSE
	EndGlobalSection
	GlobalSection(ExtensibilityGlobals) = postSolution
		SolutionGuid = {FBD6CCED-EAD3-45FF-B090-94ED2D20BE85}
	EndGlobalSection
EndGlobal
